
Microsoft Visual Studio Solution File, Format Version 12.00
Project("{FAE04EC0-301F-11D3-BF4B-00C04F79EFBC}") = "XUnitExamples", "XUnitExamples\XUnitExamples.csproj", "{FE728B54-1F96-47EC-B606-4A5D574D8B3C}"
EndProject
Project("{2150E333-8FDC-42A3-9474-1A3956D46DE8}") = "Solution", "Solution", "{B21611F8-E49D-43FE-8916-CD043B675187}"
	ProjectSection(SolutionItems) = preProject
		.gitignore = .gitignore
	EndProjectSection
EndProject
Global
	GlobalSection(SolutionConfigurationPlatforms) = preSolution
		Debug|Any CPU = Debug|Any CPU
		Release|Any CPU = Release|Any CPU
	EndGlobalSection
	GlobalSection(ProjectConfigurationPlatforms) = postSolution
		{FE728B54-1F96-47EC-B606-4A5D574D8B3C}.Debug|Any CPU.ActiveCfg = Debug|Any CPU
		{FE728B54-1F96-47EC-B606-4A5D574D8B3C}.Debug|Any CPU.Build.0 = Debug|Any CPU
		{FE728B54-1F96-47EC-B606-4A5D574D8B3C}.Release|Any CPU.ActiveCfg = Release|Any CPU
		{FE728B54-1F96-47EC-B606-4A5D574D8B3C}.Release|Any CPU.Build.0 = Release|Any CPU
	EndGlobalSection
EndGlobal
